
Microsoft Visual Studio Solution File, Format Version 12.00
# Visual Studio Version 17
VisualStudioVersion = 17.9.34622.214
MinimumVisualStudioVersion = 10.0.40219.1
Project("{FAE04EC0-301F-11D3-BF4B-00C04F79EFBC}") = "Won7L11", "Won7L11.csproj", "{643DB040-30C7-407B-81E0-517BEDC8333E}"
EndProject
Global
	GlobalSection(SolutionConfigurationPlatforms) = preSolution
		Debug|Any CPU = Debug|Any CPU
		Release|Any CPU = Release|Any CPU
	EndGlobalSection
	GlobalSection(ProjectConfigurationPlatforms) = postSolution
		{643DB040-30C7-407B-81E0-517BEDC8333E}.Debug|Any CPU.ActiveCfg = Debug|Any CPU
		{643DB040-30C7-407B-81E0-517BEDC8333E}.Debug|Any CPU.Build.0 = Debug|Any CPU
		{643DB040-30C7-407B-81E0-517BEDC8333E}.Release|Any CPU.ActiveCfg = Release|Any CPU
		{643DB040-30C7-407B-81E0-517BEDC8333E}.Release|Any CPU.Build.0 = Release|Any CPU
	EndGlobalSection
	GlobalSection(SolutionProperties) = preSolution
		HideSolutionNode = FALSE
	EndGlobalSection
	GlobalSection(ExtensibilityGlobals) = postSolution
		SolutionGuid = {3DC18309-7AD1-49AB-BC65-1B9BA3EA9783}
	EndGlobalSection
EndGlobal
